
Microsoft Visual Studio Solution File, Format Version 12.00
# Visual Studio Version 17
VisualStudioVersion = 17.5.002.0
MinimumVisualStudioVersion = 10.0.40219.1
Project("{2150E333-8FDC-42A3-9474-1A3956D46DE8}") = "LectionSiSharp2", "LectionSiSharp2", "{73C3E75A-9C7F-4B0A-9AF7-463157152378}"
EndProject
Project("{9A19103F-16F7-4668-BE54-9A1E7A4F7556}") = "BigONation", "LectionSiSharp2\BigONation\BigONation.csproj", "{9B4D7EAB-2359-4019-A050-1FDF626CD539}"
EndProject
Project("{9A19103F-16F7-4668-BE54-9A1E7A4F7556}") = "EfectivAlgoritm", "LectionSiSharp2\EfectivAlgoritm\EfectivAlgoritm.csproj", "{277D35B8-335F-429F-9BB6-DE2E5E2FAF47}"
EndProject
Project("{9A19103F-16F7-4668-BE54-9A1E7A4F7556}") = "Example001", "LectionSiSharp2\Example001\Example001.csproj", "{20D49FE5-B78F-4FDA-AF00-0247F0FB6244}"
EndProject
Project("{9A19103F-16F7-4668-BE54-9A1E7A4F7556}") = "Example005", "LectionSiSharp2\Example005\Example005.csproj", "{4756F915-B52A-443A-B929-541FAAC8BD4B}"
EndProject
Project("{9A19103F-16F7-4668-BE54-9A1E7A4F7556}") = "Example006IntroArray", "LectionSiSharp2\Example006IntroArray\Example006IntroArray.csproj", "{75B70134-7A2C-4040-95B5-1B0B89D1EDEE}"
EndProject
Project("{9A19103F-16F7-4668-BE54-9A1E7A4F7556}") = "Example007", "LectionSiSharp2\Example007\Example007.csproj", "{0F1DC2B2-6679-4031-9913-9ACCCCF8D0F6}"
EndProject
Project("{9A19103F-16F7-4668-BE54-9A1E7A4F7556}") = "Example008", "LectionSiSharp2\Example008\Example008.csproj", "{BF1AA02D-CECA-4471-8396-EAA6D667EBD9}"
EndProject
Project("{9A19103F-16F7-4668-BE54-9A1E7A4F7556}") = "Example013", "LectionSiSharp2\Example013\Example013.csproj", "{18EF1EFD-1603-4A35-8F50-E9FDC1860C90}"
EndProject
Project("{9A19103F-16F7-4668-BE54-9A1E7A4F7556}") = "FastSorting", "LectionSiSharp2\FastSorting\FastSorting.csproj", "{CBD3996B-DC91-49DB-9403-47CE91C89BD3}"
EndProject
Project("{9A19103F-16F7-4668-BE54-9A1E7A4F7556}") = "Gipotenuza", "LectionSiSharp2\Gipotenuza\Gipotenuza.csproj", "{FD1E9903-F30C-44D4-926E-37BF06F15FF9}"
EndProject
Project("{9A19103F-16F7-4668-BE54-9A1E7A4F7556}") = "Sorting", "LectionSiSharp2\Sorting\Sorting.csproj", "{A253CD7B-4C35-468F-8426-87C5E191BE2A}"
EndProject
Project("{9A19103F-16F7-4668-BE54-9A1E7A4F7556}") = "SortingPuzyrkom", "LectionSiSharp2\SortingPuzyrkom\SortingPuzyrkom.csproj", "{E71F46F5-67C3-4B7C-9464-6BE108FAB3B0}"
EndProject
Project("{9A19103F-16F7-4668-BE54-9A1E7A4F7556}") = "SortingSheiker", "LectionSiSharp2\SortingSheiker\SortingSheiker.csproj", "{115595B1-EAB7-485A-BD10-6CBF104D2441}"
EndProject
Global
	GlobalSection(SolutionConfigurationPlatforms) = preSolution
		Debug|Any CPU = Debug|Any CPU
		Release|Any CPU = Release|Any CPU
	EndGlobalSection
	GlobalSection(ProjectConfigurationPlatforms) = postSolution
		{9B4D7EAB-2359-4019-A050-1FDF626CD539}.Debug|Any CPU.ActiveCfg = Debug|Any CPU
		{9B4D7EAB-2359-4019-A050-1FDF626CD539}.Debug|Any CPU.Build.0 = Debug|Any CPU
		{9B4D7EAB-2359-4019-A050-1FDF626CD539}.Release|Any CPU.ActiveCfg = Release|Any CPU
		{9B4D7EAB-2359-4019-A050-1FDF626CD539}.Release|Any CPU.Build.0 = Release|Any CPU
		{277D35B8-335F-429F-9BB6-DE2E5E2FAF47}.Debug|Any CPU.ActiveCfg = Debug|Any CPU
		{277D35B8-335F-429F-9BB6-DE2E5E2FAF47}.Debug|Any CPU.Build.0 = Debug|Any CPU
		{277D35B8-335F-429F-9BB6-DE2E5E2FAF47}.Release|Any CPU.ActiveCfg = Release|Any CPU
		{277D35B8-335F-429F-9BB6-DE2E5E2FAF47}.Release|Any CPU.Build.0 = Release|Any CPU
		{20D49FE5-B78F-4FDA-AF00-0247F0FB6244}.Debug|Any CPU.ActiveCfg = Debug|Any CPU
		{20D49FE5-B78F-4FDA-AF00-0247F0FB6244}.Debug|Any CPU.Build.0 = Debug|Any CPU
		{20D49FE5-B78F-4FDA-AF00-0247F0FB6244}.Release|Any CPU.ActiveCfg = Release|Any CPU
		{20D49FE5-B78F-4FDA-AF00-0247F0FB6244}.Release|Any CPU.Build.0 = Release|Any CPU
		{4756F915-B52A-443A-B929-541FAAC8BD4B}.Debug|Any CPU.ActiveCfg = Debug|Any CPU
		{4756F915-B52A-443A-B929-541FAAC8BD4B}.Debug|Any CPU.Build.0 = Debug|Any CPU
		{4756F915-B52A-443A-B929-541FAAC8BD4B}.Release|Any CPU.ActiveCfg = Release|Any CPU
		{4756F915-B52A-443A-B929-541FAAC8BD4B}.Release|Any CPU.Build.0 = Release|Any CPU
		{75B70134-7A2C-4040-95B5-1B0B89D1EDEE}.Debug|Any CPU.ActiveCfg = Debug|Any CPU
		{75B70134-7A2C-4040-95B5-1B0B89D1EDEE}.Debug|Any CPU.Build.0 = Debug|Any CPU
		{75B70134-7A2C-4040-95B5-1B0B89D1EDEE}.Release|Any CPU.ActiveCfg = Release|Any CPU
		{75B70134-7A2C-4040-95B5-1B0B89D1EDEE}.Release|Any CPU.Build.0 = Release|Any CPU
		{0F1DC2B2-6679-4031-9913-9ACCCCF8D0F6}.Debug|Any CPU.ActiveCfg = Debug|Any CPU
		{0F1DC2B2-6679-4031-9913-9ACCCCF8D0F6}.Debug|Any CPU.Build.0 = Debug|Any CPU
		{0F1DC2B2-6679-4031-9913-9ACCCCF8D0F6}.Release|Any CPU.ActiveCfg = Release|Any CPU
		{0F1DC2B2-6679-4031-9913-9ACCCCF8D0F6}.Release|Any CPU.Build.0 = Release|Any CPU
		{BF1AA02D-CECA-4471-8396-EAA6D667EBD9}.Debug|Any CPU.ActiveCfg = Debug|Any CPU
		{BF1AA02D-CECA-4471-8396-EAA6D667EBD9}.Debug|Any CPU.Build.0 = Debug|Any CPU
		{BF1AA02D-CECA-4471-8396-EAA6D667EBD9}.Release|Any CPU.ActiveCfg = Release|Any CPU
		{BF1AA02D-CECA-4471-8396-EAA6D667EBD9}.Release|Any CPU.Build.0 = Release|Any CPU
		{18EF1EFD-1603-4A35-8F50-E9FDC1860C90}.Debug|Any CPU.ActiveCfg = Debug|Any CPU
		{18EF1EFD-1603-4A35-8F50-E9FDC1860C90}.Debug|Any CPU.Build.0 = Debug|Any CPU
		{18EF1EFD-1603-4A35-8F50-E9FDC1860C90}.Release|Any CPU.ActiveCfg = Release|Any CPU
		{18EF1EFD-1603-4A35-8F50-E9FDC1860C90}.Release|Any CPU.Build.0 = Release|Any CPU
		{CBD3996B-DC91-49DB-9403-47CE91C89BD3}.Debug|Any CPU.ActiveCfg = Debug|Any CPU
		{CBD3996B-DC91-49DB-9403-47CE91C89BD3}.Debug|Any CPU.Build.0 = Debug|Any CPU
		{CBD3996B-DC91-49DB-9403-47CE91C89BD3}.Release|Any CPU.ActiveCfg = Release|Any CPU
		{CBD3996B-DC91-49DB-9403-47CE91C89BD3}.Release|Any CPU.Build.0 = Release|Any CPU
		{FD1E9903-F30C-44D4-926E-37BF06F15FF9}.Debug|Any CPU.ActiveCfg = Debug|Any CPU
		{FD1E9903-F30C-44D4-926E-37BF06F15FF9}.Debug|Any CPU.Build.0 = Debug|Any CPU
		{FD1E9903-F30C-44D4-926E-37BF06F15FF9}.Release|Any CPU.ActiveCfg = Release|Any CPU
		{FD1E9903-F30C-44D4-926E-37BF06F15FF9}.Release|Any CPU.Build.0 = Release|Any CPU
		{A253CD7B-4C35-468F-8426-87C5E191BE2A}.Debug|Any CPU.ActiveCfg = Debug|Any CPU
		{A253CD7B-4C35-468F-8426-87C5E191BE2A}.Debug|Any CPU.Build.0 = Debug|Any CPU
		{A253CD7B-4C35-468F-8426-87C5E191BE2A}.Release|Any CPU.ActiveCfg = Release|Any CPU
		{A253CD7B-4C35-468F-8426-87C5E191BE2A}.Release|Any CPU.Build.0 = Release|Any CPU
		{E71F46F5-67C3-4B7C-9464-6BE108FAB3B0}.Debug|Any CPU.ActiveCfg = Debug|Any CPU
		{E71F46F5-67C3-4B7C-9464-6BE108FAB3B0}.Debug|Any CPU.Build.0 = Debug|Any CPU
		{E71F46F5-67C3-4B7C-9464-6BE108FAB3B0}.Release|Any CPU.ActiveCfg = Release|Any CPU
		{E71F46F5-67C3-4B7C-9464-6BE108FAB3B0}.Release|Any CPU.Build.0 = Release|Any CPU
		{115595B1-EAB7-485A-BD10-6CBF104D2441}.Debug|Any CPU.ActiveCfg = Debug|Any CPU
		{115595B1-EAB7-485A-BD10-6CBF104D2441}.Debug|Any CPU.Build.0 = Debug|Any CPU
		{115595B1-EAB7-485A-BD10-6CBF104D2441}.Release|Any CPU.ActiveCfg = Release|Any CPU
		{115595B1-EAB7-485A-BD10-6CBF104D2441}.Release|Any CPU.Build.0 = Release|Any CPU
	EndGlobalSection
	GlobalSection(SolutionProperties) = preSolution
		HideSolutionNode = FALSE
	EndGlobalSection
	GlobalSection(NestedProjects) = preSolution
		{9B4D7EAB-2359-4019-A050-1FDF626CD539} = {73C3E75A-9C7F-4B0A-9AF7-463157152378}
		{277D35B8-335F-429F-9BB6-DE2E5E2FAF47} = {73C3E75A-9C7F-4B0A-9AF7-463157152378}
		{20D49FE5-B78F-4FDA-AF00-0247F0FB6244} = {73C3E75A-9C7F-4B0A-9AF7-463157152378}
		{4756F915-B52A-443A-B929-541FAAC8BD4B} = {73C3E75A-9C7F-4B0A-9AF7-463157152378}
		{75B70134-7A2C-4040-95B5-1B0B89D1EDEE} = {73C3E75A-9C7F-4B0A-9AF7-463157152378}
		{0F1DC2B2-6679-4031-9913-9ACCCCF8D0F6} = {73C3E75A-9C7F-4B0A-9AF7-463157152378}
		{BF1AA02D-CECA-4471-8396-EAA6D667EBD9} = {73C3E75A-9C7F-4B0A-9AF7-463157152378}
		{18EF1EFD-1603-4A35-8F50-E9FDC1860C90} = {73C3E75A-9C7F-4B0A-9AF7-463157152378}
		{CBD3996B-DC91-49DB-9403-47CE91C89BD3} = {73C3E75A-9C7F-4B0A-9AF7-463157152378}
		{FD1E9903-F30C-44D4-926E-37BF06F15FF9} = {73C3E75A-9C7F-4B0A-9AF7-463157152378}
		{A253CD7B-4C35-468F-8426-87C5E191BE2A} = {73C3E75A-9C7F-4B0A-9AF7-463157152378}
		{E71F46F5-67C3-4B7C-9464-6BE108FAB3B0} = {73C3E75A-9C7F-4B0A-9AF7-463157152378}
		{115595B1-EAB7-485A-BD10-6CBF104D2441} = {73C3E75A-9C7F-4B0A-9AF7-463157152378}
	EndGlobalSection
	GlobalSection(ExtensibilityGlobals) = postSolution
		SolutionGuid = {1CB8F955-478B-41AF-B910-60BDE0D80E79}
	EndGlobalSection
EndGlobal
